
Microsoft Visual Studio Solution File, Format Version 12.00
# Visual Studio Version 17
VisualStudioVersion = 17.14.36705.20 d17.14
MinimumVisualStudioVersion = 10.0.40219.1
Project("{FAE04EC0-301F-11D3-BF4B-00C04F79EFBC}") = "PersonalizedFeed.Api", "PersonalizedFeed.Api\PersonalizedFeed.Api.csproj", "{CEC10FA4-6B44-461B-7AD1-528D4668C394}"
EndProject
Project("{FAE04EC0-301F-11D3-BF4B-00C04F79EFBC}") = "PersonalizedFeed.AppHost", "PersonalizedFeed.AppHost\PersonalizedFeed.AppHost.csproj", "{3E4DBE5B-C99D-4D3E-9921-0525E73EA2FF}"
EndProject
Project("{FAE04EC0-301F-11D3-BF4B-00C04F79EFBC}") = "PersonalizedFeed.ServiceDefaults", "PersonalizedFeed.ServiceDefaults\PersonalizedFeed.ServiceDefaults.csproj", "{3E8F0A59-C5C4-B2B8-0898-2B410DB4DB51}"
EndProject
Global
	GlobalSection(SolutionConfigurationPlatforms) = preSolution
		Debug|Any CPU = Debug|Any CPU
		Release|Any CPU = Release|Any CPU
	EndGlobalSection
	GlobalSection(ProjectConfigurationPlatforms) = postSolution
		{CEC10FA4-6B44-461B-7AD1-528D4668C394}.Debug|Any CPU.ActiveCfg = Debug|Any CPU
		{CEC10FA4-6B44-461B-7AD1-528D4668C394}.Debug|Any CPU.Build.0 = Debug|Any CPU
		{CEC10FA4-6B44-461B-7AD1-528D4668C394}.Release|Any CPU.ActiveCfg = Release|Any CPU
		{CEC10FA4-6B44-461B-7AD1-528D4668C394}.Release|Any CPU.Build.0 = Release|Any CPU
		{3E4DBE5B-C99D-4D3E-9921-0525E73EA2FF}.Debug|Any CPU.ActiveCfg = Debug|Any CPU
		{3E4DBE5B-C99D-4D3E-9921-0525E73EA2FF}.Debug|Any CPU.Build.0 = Debug|Any CPU
		{3E4DBE5B-C99D-4D3E-9921-0525E73EA2FF}.Release|Any CPU.ActiveCfg = Release|Any CPU
		{3E4DBE5B-C99D-4D3E-9921-0525E73EA2FF}.Release|Any CPU.Build.0 = Release|Any CPU
		{3E8F0A59-C5C4-B2B8-0898-2B410DB4DB51}.Debug|Any CPU.ActiveCfg = Debug|Any CPU
		{3E8F0A59-C5C4-B2B8-0898-2B410DB4DB51}.Debug|Any CPU.Build.0 = Debug|Any CPU
		{3E8F0A59-C5C4-B2B8-0898-2B410DB4DB51}.Release|Any CPU.ActiveCfg = Release|Any CPU
		{3E8F0A59-C5C4-B2B8-0898-2B410DB4DB51}.Release|Any CPU.Build.0 = Release|Any CPU
	EndGlobalSection
	GlobalSection(SolutionProperties) = preSolution
		HideSolutionNode = FALSE
	EndGlobalSection
	GlobalSection(ExtensibilityGlobals) = postSolution
		SolutionGuid = {5EC6C650-9E64-409B-8D9D-3AA9E69AC372}
	EndGlobalSection
EndGlobal
